{
  "name": "kp-hackathon-booking",
  "version": "0.1.0",
  "lockfileVersion": 3,
  "requires": true,
  "packages": {
    "": {
      "name": "kp-hackathon-booking",
      "version": "0.1.0",
      "license": "MIT",
      "dependencies": {
        "@sailresearch/sdk": "^0.5.6",
        "playwright": "^1.62.1"
      }
    },
    "node_modules/@sailresearch/sdk": {
      "version": "0.5.6",
      "resolved": "https://registry.npmjs.org/@sailresearch/sdk/-/sdk-0.5.6.tgz",
      "integrity": "sha512-5INP9rb4APTAX/sh9fUc+f1tWPCPS1EfbBrdSuhClIbR1EA2EgwFz0aMoYeqphIQgw4OkUJB0T99BAlILDJZCw==",
      "license": "Apache-2.0",
      "dependencies": {
        "@types/node": "^22"
      },
      "engines": {
        "node": ">=22"
      },
      "optionalDependencies": {
        "@sailresearch/sdk-darwin-arm64": "0.5.6",
        "@sailresearch/sdk-darwin-x64": "0.5.6",
        "@sailresearch/sdk-linux-arm64-gnu": "0.5.6",
        "@sailresearch/sdk-linux-arm64-musl": "0.5.6",
        "@sailresearch/sdk-linux-x64-gnu": "0.5.6",
        "@sailresearch/sdk-linux-x64-musl": "0.5.6",
        "@sailresearch/sdk-win32-x64-msvc": "0.5.6"
      }
    },
    "node_modules/@sailresearch/sdk-darwin-arm64": {
      "version": "0.5.6",
      "resolved": "https://registry.npmjs.org/@sailresearch/sdk-darwin-arm64/-/sdk-darwin-arm64-0.5.6.tgz",
      "integrity": "sha512-hun3twwEwwclU9iU2eKKg3AoimcU0tdIOAIgzMfMMs/fMs0iuwQuOf5g2i6gFNAtsqEUXmJPQiC3F2fw+qEbZQ==",
      "cpu": [
        "arm64"
      ],
      "license": "Apache-2.0",
      "optional": true,
      "os": [
        "darwin"
      ],
      "engines": {
        "node": ">=22"
      }
    },
    "node_modules/@sailresearch/sdk-darwin-x64": {
      "version": "0.5.6",
      "resolved": "https://registry.npmjs.org/@sailresearch/sdk-darwin-x64/-/sdk-darwin-x64-0.5.6.tgz",
      "integrity": "sha512-EVikyNEa9z8SRUUw7F409scSGWkR7N3qYxsWRUQtWdp/qjgidKS8tkuzJtz3wHuOJrKGk5AyqTEH4wXljmCtlQ==",
      "cpu": [
        "x64"
      ],
      "license": "Apache-2.0",
      "optional": true,
      "os": [
        "darwin"
      ],
      "engines": {
        "node": ">=22"
      }
    },
    "node_modules/@sailresearch/sdk-linux-arm64-gnu": {
      "version": "0.5.6",
      "resolved": "https://registry.npmjs.org/@sailresearch/sdk-linux-arm64-gnu/-/sdk-linux-arm64-gnu-0.5.6.tgz",
      "integrity": "sha512-KV5p1jgp95Yep2yV7lv+R7kB7PXNk33VPVlqaRCCW4zYYv6PtUpwu927CC/ag8RJyw58VggmeJ9PYBDhM+fQYg==",
      "cpu": [
        "arm64"
      ],
      "libc": [
        "glibc"
      ],
      "license": "Apache-2.0",
      "optional": true,
      "os": [
        "linux"
      ],
      "engines": {
        "node": ">=22"
      }
    },
    "node_modules/@sailresearch/sdk-linux-arm64-musl": {
      "version": "0.5.6",
      "resolved": "https://registry.npmjs.org/@sailresearch/sdk-linux-arm64-musl/-/sdk-linux-arm64-musl-0.5.6.tgz",
      "integrity": "sha512-BQuj5ZsRFTA0qWXOkPspnyCJtReSPIZtGdQ6mWHnmaa6YfoAfGPlF36Uj37i/ry638e9lBQ3Pd+jbXU7ZegWxA==",
      "cpu": [
        "arm64"
      ],
      "libc": [
        "musl"
      ],
      "license": "Apache-2.0",
      "optional": true,
      "os": [
        "linux"
      ],
      "engines": {
        "node": ">=22"
      }
    },
    "node_modules/@sailresearch/sdk-linux-x64-gnu": {
      "version": "0.5.6",
      "resolved": "https://registry.npmjs.org/@sailresearch/sdk-linux-x64-gnu/-/sdk-linux-x64-gnu-0.5.6.tgz",
      "integrity": "sha512-zcgwzyYspv4vFKJkeDVsrEYSpNKHo26gmG/tb30h/mZjrgCDQsLxckPI5UdJM6EgYP9MXsCK+ZjeIVBylb531A==",
      "cpu": [
        "x64"
      ],
      "libc": [
        "glibc"
      ],
      "license": "Apache-2.0",
      "optional": true,
      "os": [
        "linux"
      ],
      "engines": {
        "node": ">=22"
      }
    },
    "node_modules/@sailresearch/sdk-linux-x64-musl": {
      "version": "0.5.6",
      "resolved": "https://registry.npmjs.org/@sailresearch/sdk-linux-x64-musl/-/sdk-linux-x64-musl-0.5.6.tgz",
      "integrity": "sha512-+nwZLDzdvJZTgIcNuQk3Lm5J0fDlhCP8yh7ME7FAGtOj790WPS81HlOCT4T30q7eIvdV0hfBdMFqmuag4kLHrw==",
      "cpu": [
        "x64"
      ],
      "libc": [
        "musl"
      ],
      "license": "Apache-2.0",
      "optional": true,
      "os": [
        "linux"
      ],
      "engines": {
        "node": ">=22"
      }
    },
    "node_modules/@sailresearch/sdk-win32-x64-msvc": {
      "version": "0.5.6",
      "resolved": "https://registry.npmjs.org/@sailresearch/sdk-win32-x64-msvc/-/sdk-win32-x64-msvc-0.5.6.tgz",
      "integrity": "sha512-8Jx9J7yn9vraKHnxskWZKggnR2aM1nw/HelVQOy8Ux1iQsDSExCaNmlOnqR54y3G324YWS8Crs8E3D4Y52EwmQ==",
      "cpu": [
        "x64"
      ],
      "license": "Apache-2.0",
      "optional": true,
      "os": [
        "win32"
      ],
      "engines": {
        "node": ">=22"
      }
    },
    "node_modules/@types/node": {
      "version": "22.20.1",
      "resolved": "https://registry.npmjs.org/@types/node/-/node-22.20.1.tgz",
      "integrity": "sha512-EANqOCF9QFyra+4pfxUcX9STKJpCLjMbObVzljIJomAWSnuSIEAvyzEU53GaajbXJEgdh0iEcPL+DGvpUd4k1Q==",
      "license": "MIT",
      "dependencies": {
        "undici-types": "~6.21.0"
      }
    },
    "node_modules/fsevents": {
      "version": "2.3.2",
      "resolved": "https://registry.npmjs.org/fsevents/-/fsevents-2.3.2.tgz",
      "integrity": "sha512-xiqMQR4xAeHTuB9uWm+fFRcIOgKBMiOBP+eXiyT7jsgVCq1bkVygt00oASowB7EdtpOHaaPgKt812P9ab+DDKA==",
      "hasInstallScript": true,
      "license": "MIT",
      "optional": true,
      "os": [
        "darwin"
      ],
      "engines": {
        "node": "^8.16.0 || ^10.6.0 || >=11.0.0"
      }
    },
    "node_modules/playwright": {
      "version": "1.62.1",
      "resolved": "https://registry.npmjs.org/playwright/-/playwright-1.62.1.tgz",
      "integrity": "sha512-0M+L3LAD8/nm554LOla9Ayx0j0tmFZ0FBcoQ7F1VuVHpM/XpiC8RcDzBQB8W5+hA8L22THxELzeF+2WcUzvcLg==",
      "license": "Apache-2.0",
      "dependencies": {
        "playwright-core": "1.62.1"
      },
      "bin": {
        "playwright": "cli.js"
      },
      "engines": {
        "node": ">=20"
      },
      "optionalDependencies": {
        "fsevents": "2.3.2"
      }
    },
    "node_modules/playwright-core": {
      "version": "1.62.1",
      "resolved": "https://registry.npmjs.org/playwright-core/-/playwright-core-1.62.1.tgz",
      "integrity": "sha512-wPYSwEBJY9GHraISXqyqtx0na0LpO3XEX7jNDhntbex7tzUS7kLnZsOlFruFJB4Hi/rhDMjXGqHewDZ68nYZVw==",
      "license": "Apache-2.0",
      "bin": {
        "playwright-core": "cli.js"
      },
      "engines": {
        "node": ">=20"
      }
    },
    "node_modules/undici-types": {
      "version": "6.21.0",
      "resolved": "https://registry.npmjs.org/undici-types/-/undici-types-6.21.0.tgz",
      "integrity": "sha512-iwDZqg0QAGrg9Rav5H4n0M64c3mkR59cJ6wQp+7C4nI0gsmExaedaYLNO44eT4AtBBwjbTiGPMlt2Md0T9H9JQ==",
      "license": "MIT"
    }
  }
}
